
Microsoft Visual Studio Solution File, Format Version 12.00
# Visual Studio 15
VisualStudioVersion = 15.0.26730.16
MinimumVisualStudioVersion = 10.0.40219.1
Project("{FAE04EC0-301F-11D3-BF4B-00C04F79EFBC}") = "PlasteelSurgery", "PlasteelSurgery\PlasteelSurgery.csproj", "{480AE0E2-07BB-4AA8-96A3-C11F2F98D007}"
EndProject
Global
	GlobalSection(SolutionConfigurationPlatforms) = preSolution
		Debug|Any CPU = Debug|Any CPU
		Release|Any CPU = Release|Any CPU
	EndGlobalSection
	GlobalSection(ProjectConfigurationPlatforms) = postSolution
		{480AE0E2-07BB-4AA8-96A3-C11F2F98D007}.Debug|Any CPU.ActiveCfg = Debug|Any CPU
		{480AE0E2-07BB-4AA8-96A3-C11F2F98D007}.Debug|Any CPU.Build.0 = Debug|Any CPU
		{480AE0E2-07BB-4AA8-96A3-C11F2F98D007}.Release|Any CPU.ActiveCfg = Release|Any CPU
		{480AE0E2-07BB-4AA8-96A3-C11F2F98D007}.Release|Any CPU.Build.0 = Release|Any CPU
	EndGlobalSection
	GlobalSection(SolutionProperties) = preSolution
		HideSolutionNode = FALSE
	EndGlobalSection
	GlobalSection(ExtensibilityGlobals) = postSolution
		SolutionGuid = {1F41FE70-A2EE-4E53-9B3A-4A26B9D2F632}
	EndGlobalSection
EndGlobal
